<Solution>
  <Folder Name="/src/">
    <Project Path="src/TicketSystem.API/TicketSystem.API.csproj" />
    <Project Path="src/TicketSystem.Application/TicketSystem.Application.csproj" />
    <Project Path="src/TicketSystem.Domain/TicketSystem.Domain.csproj" />
    <Project Path="src/TicketSystem.Infrastructure/TicketSystem.Infrastructure.csproj" />
  </Folder>
</Solution>
